// !$*UTF8*$!
{
	archiveVersion = 1;
	classes = {
	};
	objectVersion = 56;
	objects = {

/* Begin PBXBuildFile section */
		DB4FE70E29C792A500A5F12B /* File.swift in Sources */ = {isa = PBXBuildFile; fileRef = DB4FE70D29C792A500A5F12B /* File.swift */; };
		DB4FE71029C8A18000A5F12B /* Json.swift in Sources */ = {isa = PBXBuildFile; fileRef = DB4FE70F29C8A18000A5F12B /* Json.swift */; };
		DB4FE71429C8C1E300A5F12B /* CellForView.swift in Sources */ = {isa = PBXBuildFile; fileRef = DB4FE71329C8C1E300A5F12B /* CellForView.swift */; };
		DB4FE71829C9D7D900A5F12B /* CellForFlash.swift in Sources */ = {isa = PBXBuildFile; fileRef = DB4FE71729C9D7D900A5F12B /* CellForFlash.swift */; };
		DB4FE71A29CA025400A5F12B /* CellForList.swift in Sources */ = {isa = PBXBuildFile; fileRef = DB4FE71929CA025400A5F12B /* CellForList.swift */; };
		DB854CE629C4E9B400DD6828 /* Page1.swift in Sources */ = {isa = PBXBuildFile; fileRef = DB854CE529C4E9B400DD6828 /* Page1.swift */; };
		DB854CE829C4EB5200DD6828 /* TableView.swift in Sources */ = {isa = PBXBuildFile; fileRef = DB854CE729C4EB5200DD6828 /* TableView.swift */; };
		DB854CEA29C4EB6700DD6828 /* Page2.swift in Sources */ = {isa = PBXBuildFile; fileRef = DB854CE929C4EB6700DD6828 /* Page2.swift */; };
		DB854CEE29C4EE4300DD6828 /* Like.swift in Sources */ = {isa = PBXBuildFile; fileRef = DB854CED29C4EE4300DD6828 /* Like.swift */; };
		DB854CF029C4EE5000DD6828 /* Trash.swift in Sources */ = {isa = PBXBuildFile; fileRef = DB854CEF29C4EE5000DD6828 /* Trash.swift */; };
		DB854CF229C4EE7500DD6828 /* Comments.swift in Sources */ = {isa = PBXBuildFile; fileRef = DB854CF129C4EE7500DD6828 /* Comments.swift */; };
		DBA645FD29BF97C700A5DB30 /* taskApp.swift in Sources */ = {isa = PBXBuildFile; fileRef = DBA645FC29BF97C700A5DB30 /* taskApp.swift */; };
		DBA645FF29BF97C700A5DB30 /* ContentView.swift in Sources */ = {isa = PBXBuildFile; fileRef = DBA645FE29BF97C700A5DB30 /* ContentView.swift */; };
		DBA6460129BF97CA00A5DB30 /* Assets.xcassets in Resources */ = {isa = PBXBuildFile; fileRef = DBA6460029BF97CA00A5DB30 /* Assets.xcassets */; };
		DBA6460429BF97CA00A5DB30 /* Preview Assets.xcassets in Resources */ = {isa = PBXBuildFile; fileRef = DBA6460329BF97CA00A5DB30 /* Preview Assets.xcassets */; };
		DBA6460C29BF97FF00A5DB30 /* UserModel.xcdatamodeld in Sources */ = {isa = PBXBuildFile; fileRef = DBA6460A29BF97FF00A5DB30 /* UserModel.xcdatamodeld */; };
		DBA6460E29BFA6A500A5DB30 /* Montserrat-Bold.ttf in Resources */ = {isa = PBXBuildFile; fileRef = DBA6460D29BFA6A500A5DB30 /* Montserrat-Bold.ttf */; };
		DBA6461029BFA6C000A5DB30 /* Montserrat-Regular.ttf in Resources */ = {isa = PBXBuildFile; fileRef = DBA6460F29BFA6C000A5DB30 /* Montserrat-Regular.ttf */; };
		DBA6461329BFAA3600A5DB30 /* Montserrat-SemiBold.ttf in Resources */ = {isa = PBXBuildFile; fileRef = DBA6461229BFAA3500A5DB30 /* Montserrat-SemiBold.ttf */; };
		DBAB353729C49F2A00BF3545 /* LogIn.swift in Sources */ = {isa = PBXBuildFile; fileRef = DBAB353629C49F2A00BF3545 /* LogIn.swift */; };
		DBD43FEC29BFAC7A00B47B6D /* DataModel.swift in Sources */ = {isa = PBXBuildFile; fileRef = DBD43FEB29BFAC7A00B47B6D /* DataModel.swift */; };
		DBD43FEE29BFB00F00B47B6D /* extension+String.swift in Sources */ = {isa = PBXBuildFile; fileRef = DBD43FED29BFB00F00B47B6D /* extension+String.swift */; };
		DBE7C2DA29C399F10065C8A0 /* Model.swift in Sources */ = {isa = PBXBuildFile; fileRef = DBE7C2D929C399F10065C8A0 /* Model.swift */; };
/* End PBXBuildFile section */

/* Begin PBXFileReference section */
		DB4FE70D29C792A500A5F12B /* File.swift */ = {isa = PBXFileReference; lastKnownFileType = sourcecode.swift; path = File.swift; sourceTree = "<group>"; };
		DB4FE70F29C8A18000A5F12B /* Json.swift */ = {isa = PBXFileReference; lastKnownFileType = sourcecode.swift; path = Json.swift; sourceTree = "<group>"; };
		DB4FE71329C8C1E300A5F12B /* CellForView.swift */ = {isa = PBXFileReference; lastKnownFileType = sourcecode.swift; path = CellForView.swift; sourceTree = "<group>"; };
		DB4FE71729C9D7D900A5F12B /* CellForFlash.swift */ = {isa = PBXFileReference; lastKnownFileType = sourcecode.swift; path = CellForFlash.swift; sourceTree = "<group>"; };
		DB4FE71929CA025400A5F12B /* CellForList.swift */ = {isa = PBXFileReference; lastKnownFileType = sourcecode.swift; path = CellForList.swift; sourceTree = "<group>"; };
		DB854CE529C4E9B400DD6828 /* Page1.swift */ = {isa = PBXFileReference; lastKnownFileType = sourcecode.swift; path = Page1.swift; sourceTree = "<group>"; };
		DB854CE729C4EB5200DD6828 /* TableView.swift */ = {isa = PBXFileReference; lastKnownFileType = sourcecode.swift; path = TableView.swift; sourceTree = "<group>"; };
		DB854CE929C4EB6700DD6828 /* Page2.swift */ = {isa = PBXFileReference; lastKnownFileType = sourcecode.swift; path = Page2.swift; sourceTree = "<group>"; };
		DB854CED29C4EE4300DD6828 /* Like.swift */ = {isa = PBXFileReference; lastKnownFileType = sourcecode.swift; path = Like.swift; sourceTree = "<group>"; };
		DB854CEF29C4EE5000DD6828 /* Trash.swift */ = {isa = PBXFileReference; lastKnownFileType = sourcecode.swift; path = Trash.swift; sourceTree = "<group>"; };
		DB854CF129C4EE7500DD6828 /* Comments.swift */ = {isa = PBXFileReference; lastKnownFileType = sourcecode.swift; path = Comments.swift; sourceTree = "<group>"; };
		DBA645F929BF97C700A5DB30 /* task.app */ = {isa = PBXFileReference; explicitFileType = wrapper.application; includeInIndex = 0; path = task.app; sourceTree = BUILT_PRODUCTS_DIR; };
		DBA645FC29BF97C700A5DB30 /* taskApp.swift */ = {isa = PBXFileReference; lastKnownFileType = sourcecode.swift; path = taskApp.swift; sourceTree = "<group>"; };
		DBA645FE29BF97C700A5DB30 /* ContentView.swift */ = {isa = PBXFileReference; lastKnownFileType = sourcecode.swift; path = ContentView.swift; sourceTree = "<group>"; };
		DBA6460029BF97CA00A5DB30 /* Assets.xcassets */ = {isa = PBXFileReference; lastKnownFileType = folder.assetcatalog; path = Assets.xcassets; sourceTree = "<group>"; };
		DBA6460329BF97CA00A5DB30 /* Preview Assets.xcassets */ = {isa = PBXFileReference; lastKnownFileType = folder.assetcatalog; path = "Preview Assets.xcassets"; sourceTree = "<group>"; };
		DBA6460B29BF97FF00A5DB30 /* UserModel.xcdatamodel */ = {isa = PBXFileReference; lastKnownFileType = wrapper.xcdatamodel; path = UserModel.xcdatamodel; sourceTree = "<group>"; };
		DBA6460D29BFA6A500A5DB30 /* Montserrat-Bold.ttf */ = {isa = PBXFileReference; lastKnownFileType = file; path = "Montserrat-Bold.ttf"; sourceTree = "<group>"; };
		DBA6460F29BFA6C000A5DB30 /* Montserrat-Regular.ttf */ = {isa = PBXFileReference; lastKnownFileType = file; path = "Montserrat-Regular.ttf"; sourceTree = "<group>"; };
		DBA6461129BFA80200A5DB30 /* Info.plist */ = {isa = PBXFileReference; lastKnownFileType = text.plist; path = Info.plist; sourceTree = "<group>"; };
		DBA6461229BFAA3500A5DB30 /* Montserrat-SemiBold.ttf */ = {isa = PBXFileReference; lastKnownFileType = file; path = "Montserrat-SemiBold.ttf"; sourceTree = "<group>"; };
		DBAB353629C49F2A00BF3545 /* LogIn.swift */ = {isa = PBXFileReference; lastKnownFileType = sourcecode.swift; path = LogIn.swift; sourceTree = "<group>"; };
		DBD43FEB29BFAC7A00B47B6D /* DataModel.swift */ = {isa = PBXFileReference; lastKnownFileType = sourcecode.swift; path = DataModel.swift; sourceTree = "<group>"; };
		DBD43FED29BFB00F00B47B6D /* extension+String.swift */ = {isa = PBXFileReference; lastKnownFileType = sourcecode.swift; path = "extension+String.swift"; sourceTree = "<group>"; };
		DBE7C2D929C399F10065C8A0 /* Model.swift */ = {isa = PBXFileReference; lastKnownFileType = sourcecode.swift; path = Model.swift; sourceTree = "<group>"; };
/* End PBXFileReference section */

/* Begin PBXFrameworksBuildPhase section */
		DBA645F629BF97C700A5DB30 /* Frameworks */ = {
			isa = PBXFrameworksBuildPhase;
			buildActionMask = 2147483647;
			files = (
			);
			runOnlyForDeploymentPostprocessing = 0;
		};
/* End PBXFrameworksBuildPhase section */

/* Begin PBXGroup section */
		DBA645F029BF97C700A5DB30 = {
			isa = PBXGroup;
			children = (
				DBA645FB29BF97C700A5DB30 /* task */,
				DBA645FA29BF97C700A5DB30 /* Products */,
			);
			sourceTree = "<group>";
		};
		DBA645FA29BF97C700A5DB30 /* Products */ = {
			isa = PBXGroup;
			children = (
				DBA645F929BF97C700A5DB30 /* task.app */,
			);
			name = Products;
			sourceTree = "<group>";
		};
		DBA645FB29BF97C700A5DB30 /* task */ = {
			isa = PBXGroup;
			children = (
				DBA6461129BFA80200A5DB30 /* Info.plist */,
				DBA645FC29BF97C700A5DB30 /* taskApp.swift */,
				DBE7C2D929C399F10065C8A0 /* Model.swift */,
				DB4FE70D29C792A500A5F12B /* File.swift */,
				DBA645FE29BF97C700A5DB30 /* ContentView.swift */,
				DBAB353629C49F2A00BF3545 /* LogIn.swift */,
				DB854CE729C4EB5200DD6828 /* TableView.swift */,
				DB854CE529C4E9B400DD6828 /* Page1.swift */,
				DB4FE71329C8C1E300A5F12B /* CellForView.swift */,
				DB4FE71729C9D7D900A5F12B /* CellForFlash.swift */,
				DB4FE70F29C8A18000A5F12B /* Json.swift */,
				DB854CE929C4EB6700DD6828 /* Page2.swift */,
				DB4FE71929CA025400A5F12B /* CellForList.swift */,
				DB854CED29C4EE4300DD6828 /* Like.swift */,
				DB854CEF29C4EE5000DD6828 /* Trash.swift */,
				DB854CF129C4EE7500DD6828 /* Comments.swift */,
				DBD43FED29BFB00F00B47B6D /* extension+String.swift */,
				DBD43FEB29BFAC7A00B47B6D /* DataModel.swift */,
				DBA6460A29BF97FF00A5DB30 /* UserModel.xcdatamodeld */,
				DBA6460029BF97CA00A5DB30 /* Assets.xcassets */,
				DBA6461229BFAA3500A5DB30 /* Montserrat-SemiBold.ttf */,
				DBA6460D29BFA6A500A5DB30 /* Montserrat-Bold.ttf */,
				DBA6460F29BFA6C000A5DB30 /* Montserrat-Regular.ttf */,
				DBA6460229BF97CA00A5DB30 /* Preview Content */,
			);
			path = task;
			sourceTree = "<group>";
		};
		DBA6460229BF97CA00A5DB30 /* Preview Content */ = {
			isa = PBXGroup;
			children = (
				DBA6460329BF97CA00A5DB30 /* Preview Assets.xcassets */,
			);
			path = "Preview Content";
			sourceTree = "<group>";
		};
/* End PBXGroup section */

/* Begin PBXNativeTarget section */
		DBA645F829BF97C700A5DB30 /* task */ = {
			isa = PBXNativeTarget;
			buildConfigurationList = DBA6460729BF97CA00A5DB30 /* Build configuration list for PBXNativeTarget "task" */;
			buildPhases = (
				DBA645F529BF97C700A5DB30 /* Sources */,
				DBA645F629BF97C700A5DB30 /* Frameworks */,
				DBA645F729BF97C700A5DB30 /* Resources */,
			);
			buildRules = (
			);
			dependencies = (
			);
			name = task;
			productName = task;
			productReference = DBA645F929BF97C700A5DB30 /* task.app */;
			productType = "com.apple.product-type.application";
		};
/* End PBXNativeTarget section */

/* Begin PBXProject section */
		DBA645F129BF97C700A5DB30 /* Project object */ = {
			isa = PBXProject;
			attributes = {
				BuildIndependentTargetsInParallel = 1;
				LastSwiftUpdateCheck = 1420;
				LastUpgradeCheck = 1420;
				TargetAttributes = {
					DBA645F829BF97C700A5DB30 = {
						CreatedOnToolsVersion = 14.2;
					};
				};
			};
			buildConfigurationList = DBA645F429BF97C700A5DB30 /* Build configuration list for PBXProject "task" */;
			compatibilityVersion = "Xcode 14.0";
			developmentRegion = en;
			hasScannedForEncodings = 0;
			knownRegions = (
				en,
				Base,
			);
			mainGroup = DBA645F029BF97C700A5DB30;
			productRefGroup = DBA645FA29BF97C700A5DB30 /* Products */;
			projectDirPath = "";
			projectRoot = "";
			targets = (
				DBA645F829BF97C700A5DB30 /* task */,
			);
		};
/* End PBXProject section */

/* Begin PBXResourcesBuildPhase section */
		DBA645F729BF97C700A5DB30 /* Resources */ = {
			isa = PBXResourcesBuildPhase;
			buildActionMask = 2147483647;
			files = (
				DBA6461029BFA6C000A5DB30 /* Montserrat-Regular.ttf in Resources */,
				DBA6460429BF97CA00A5DB30 /* Preview Assets.xcassets in Resources */,
				DBA6460129BF97CA00A5DB30 /* Assets.xcassets in Resources */,
				DBA6460E29BFA6A500A5DB30 /* Montserrat-Bold.ttf in Resources */,
				DBA6461329BFAA3600A5DB30 /* Montserrat-SemiBold.ttf in Resources */,
			);
			runOnlyForDeploymentPostprocessing = 0;
		};
/* End PBXResourcesBuildPhase section */

/* Begin PBXSourcesBuildPhase section */
		DBA645F529BF97C700A5DB30 /* Sources */ = {
			isa = PBXSourcesBuildPhase;
			buildActionMask = 2147483647;
			files = (
				DB854CF029C4EE5000DD6828 /* Trash.swift in Sources */,
				DB4FE71A29CA025400A5F12B /* CellForList.swift in Sources */,
				DBA645FF29BF97C700A5DB30 /* ContentView.swift in Sources */,
				DBD43FEC29BFAC7A00B47B6D /* DataModel.swift in Sources */,
				DBA645FD29BF97C700A5DB30 /* taskApp.swift in Sources */,
				DBAB353729C49F2A00BF3545 /* LogIn.swift in Sources */,
				DB854CF229C4EE7500DD6828 /* Comments.swift in Sources */,
				DB4FE71029C8A18000A5F12B /* Json.swift in Sources */,
				DB854CE629C4E9B400DD6828 /* Page1.swift in Sources */,
				DBE7C2DA29C399F10065C8A0 /* Model.swift in Sources */,
				DBD43FEE29BFB00F00B47B6D /* extension+String.swift in Sources */,
				DB4FE71829C9D7D900A5F12B /* CellForFlash.swift in Sources */,
				DB4FE70E29C792A500A5F12B /* File.swift in Sources */,
				DB854CE829C4EB5200DD6828 /* TableView.swift in Sources */,
				DB854CEE29C4EE4300DD6828 /* Like.swift in Sources */,
				DBA6460C29BF97FF00A5DB30 /* UserModel.xcdatamodeld in Sources */,
				DB4FE71429C8C1E300A5F12B /* CellForView.swift in Sources */,
				DB854CEA29C4EB6700DD6828 /* Page2.swift in Sources */,
			);
			runOnlyForDeploymentPostprocessing = 0;
		};
/* End PBXSourcesBuildPhase section */

/* Begin XCBuildConfiguration section */
		DBA6460529BF97CA00A5DB30 /* Debug */ = {
			isa = XCBuildConfiguration;
			buildSettings = {
				ALWAYS_SEARCH_USER_PATHS = NO;
				CLANG_ANALYZER_NONNULL = YES;
				CLANG_ANALYZER_NUMBER_OBJECT_CONVERSION = YES_AGGRESSIVE;
				CLANG_CXX_LANGUAGE_STANDARD = "gnu++20";
				CLANG_ENABLE_MODULES = YES;
				CLANG_ENABLE_OBJC_ARC = YES;
				CLANG_ENABLE_OBJC_WEAK = YES;
				CLANG_WARN_BLOCK_CAPTURE_AUTORELEASING = YES;
				CLANG_WARN_BOOL_CONVERSION = YES;
				CLANG_WARN_COMMA = YES;
				CLANG_WARN_CONSTANT_CONVERSION = YES;
				CLANG_WARN_DEPRECATED_OBJC_IMPLEMENTATIONS = YES;
				CLANG_WARN_DIRECT_OBJC_ISA_USAGE = YES_ERROR;
				CLANG_WARN_DOCUMENTATION_COMMENTS = YES;
				CLANG_WARN_EMPTY_BODY = YES;
				CLANG_WARN_ENUM_CONVERSION = YES;
				CLANG_WARN_INFINITE_RECURSION = YES;
				CLANG_WARN_INT_CONVERSION = YES;
				CLANG_WARN_NON_LITERAL_NULL_CONVERSION = YES;
				CLANG_WARN_OBJC_IMPLICIT_RETAIN_SELF = YES;
				CLANG_WARN_OBJC_LITERAL_CONVERSION = YES;
				CLANG_WARN_OBJC_ROOT_CLASS = YES_ERROR;
				CLANG_WARN_QUOTED_INCLUDE_IN_FRAMEWORK_HEADER = YES;
				CLANG_WARN_RANGE_LOOP_ANALYSIS = YES;
				CLANG_WARN_STRICT_PROTOTYPES = YES;
				CLANG_WARN_SUSPICIOUS_MOVE = YES;
				CLANG_WARN_UNGUARDED_AVAILABILITY = YES_AGGRESSIVE;
				CLANG_WARN_UNREACHABLE_CODE = YES;
				CLANG_WARN__DUPLICATE_METHOD_MATCH = YES;
				COPY_PHASE_STRIP = NO;
				DEBUG_INFORMATION_FORMAT = dwarf;
				ENABLE_STRICT_OBJC_MSGSEND = YES;
				ENABLE_TESTABILITY = YES;
				GCC_C_LANGUAGE_STANDARD = gnu11;
				GCC_DYNAMIC_NO_PIC = NO;
				GCC_NO_COMMON_BLOCKS = YES;
				GCC_OPTIMIZATION_LEVEL = 0;
				GCC_PREPROCESSOR_DEFINITIONS = (
					"DEBUG=1",
					"$(inherited)",
				);
				GCC_WARN_64_TO_32_BIT_CONVERSION = YES;
				GCC_WARN_ABOUT_RETURN_TYPE = YES_ERROR;
				GCC_WARN_UNDECLARED_SELECTOR = YES;
				GCC_WARN_UNINITIALIZED_AUTOS = YES_AGGRESSIVE;
				GCC_WARN_UNUSED_FUNCTION = YES;
				GCC_WARN_UNUSED_VARIABLE = YES;
				IPHONEOS_DEPLOYMENT_TARGET = 16.2;
				MTL_ENABLE_DEBUG_INFO = INCLUDE_SOURCE;
				MTL_FAST_MATH = YES;
				ONLY_ACTIVE_ARCH = YES;
				SDKROOT = iphoneos;
				SWIFT_ACTIVE_COMPILATION_CONDITIONS = DEBUG;
				SWIFT_OPTIMIZATION_LEVEL = "-Onone";
			};
			name = Debug;
		};
		DBA6460629BF97CA00A5DB30 /* Release */ = {
			isa = XCBuildConfiguration;
			buildSettings = {
				ALWAYS_SEARCH_USER_PATHS = NO;
				CLANG_ANALYZER_NONNULL = YES;
				CLANG_ANALYZER_NUMBER_OBJECT_CONVERSION = YES_AGGRESSIVE;
				CLANG_CXX_LANGUAGE_STANDARD = "gnu++20";
				CLANG_ENABLE_MODULES = YES;
				CLANG_ENABLE_OBJC_ARC = YES;
				CLANG_ENABLE_OBJC_WEAK = YES;
				CLANG_WARN_BLOCK_CAPTURE_AUTORELEASING = YES;
				CLANG_WARN_BOOL_CONVERSION = YES;
				CLANG_WARN_COMMA = YES;
				CLANG_WARN_CONSTANT_CONVERSION = YES;
				CLANG_WARN_DEPRECATED_OBJC_IMPLEMENTATIONS = YES;
				CLANG_WARN_DIRECT_OBJC_ISA_USAGE = YES_ERROR;
				CLANG_WARN_DOCUMENTATION_COMMENTS = YES;
				CLANG_WARN_EMPTY_BODY = YES;
				CLANG_WARN_ENUM_CONVERSION = YES;
				CLANG_WARN_INFINITE_RECURSION = YES;
				CLANG_WARN_INT_CONVERSION = YES;
				CLANG_WARN_NON_LITERAL_NULL_CONVERSION = YES;
				CLANG_WARN_OBJC_IMPLICIT_RETAIN_SELF = YES;
				CLANG_WARN_OBJC_LITERAL_CONVERSION = YES;
				CLANG_WARN_OBJC_ROOT_CLASS = YES_ERROR;
				CLANG_WARN_QUOTED_INCLUDE_IN_FRAMEWORK_HEADER = YES;
				CLANG_WARN_RANGE_LOOP_ANALYSIS = YES;
				CLANG_WARN_STRICT_PROTOTYPES = YES;
				CLANG_WARN_SUSPICIOUS_MOVE = YES;
				CLANG_WARN_UNGUARDED_AVAILABILITY = YES_AGGRESSIVE;
				CLANG_WARN_UNREACHABLE_CODE = YES;
				CLANG_WARN__DUPLICATE_METHOD_MATCH = YES;
				COPY_PHASE_STRIP = NO;
				DEBUG_INFORMATION_FORMAT = "dwarf-with-dsym";
				ENABLE_NS_ASSERTIONS = NO;
				ENABLE_STRICT_OBJC_MSGSEND = YES;
				GCC_C_LANGUAGE_STANDARD = gnu11;
				GCC_NO_COMMON_BLOCKS = YES;
				GCC_WARN_64_TO_32_BIT_CONVERSION = YES;
				GCC_WARN_ABOUT_RETURN_TYPE = YES_ERROR;
				GCC_WARN_UNDECLARED_SELECTOR = YES;
				GCC_WARN_UNINITIALIZED_AUTOS = YES_AGGRESSIVE;
				GCC_WARN_UNUSED_FUNCTION = YES;
				GCC_WARN_UNUSED_VARIABLE = YES;
				IPHONEOS_DEPLOYMENT_TARGET = 16.2;
				MTL_ENABLE_DEBUG_INFO = NO;
				MTL_FAST_MATH = YES;
				SDKROOT = iphoneos;
				SWIFT_COMPILATION_MODE = wholemodule;
				SWIFT_OPTIMIZATION_LEVEL = "-O";
				VALIDATE_PRODUCT = YES;
			};
			name = Release;
		};
		DBA6460829BF97CA00A5DB30 /* Debug */ = {
			isa = XCBuildConfiguration;
			buildSettings = {
				ASSETCATALOG_COMPILER_APPICON_NAME = AppIcon;
				ASSETCATALOG_COMPILER_GLOBAL_ACCENT_COLOR_NAME = AccentColor;
				CODE_SIGN_STYLE = Automatic;
				CURRENT_PROJECT_VERSION = 1;
				DEVELOPMENT_ASSET_PATHS = "\"task/Preview Content\"";
				ENABLE_PREVIEWS = YES;
				GENERATE_INFOPLIST_FILE = YES;
				INFOPLIST_FILE = task/Info.plist;
				INFOPLIST_KEY_UIApplicationSceneManifest_Generation = YES;
				INFOPLIST_KEY_UIApplicationSupportsIndirectInputEvents = YES;
				INFOPLIST_KEY_UILaunchScreen_Generation = YES;
				INFOPLIST_KEY_UISupportedInterfaceOrientations_iPad = "UIInterfaceOrientationPortrait UIInterfaceOrientationPortraitUpsideDown UIInterfaceOrientationLandscapeLeft UIInterfaceOrientationLandscapeRight";
				INFOPLIST_KEY_UISupportedInterfaceOrientations_iPhone = "UIInterfaceOrientationPortrait UIInterfaceOrientationLandscapeLeft UIInterfaceOrientationLandscapeRight";
				LD_RUNPATH_SEARCH_PATHS = (
					"$(inherited)",
					"@executable_path/Frameworks",
				);
				MARKETING_VERSION = 1.0;
				PRODUCT_BUNDLE_IDENTIFIER = one.task;
				PRODUCT_NAME = "$(TARGET_NAME)";
				SWIFT_EMIT_LOC_STRINGS = YES;
				SWIFT_VERSION = 5.0;
				TARGETED_DEVICE_FAMILY = "1,2";
			};
			name = Debug;
		};
		DBA6460929BF97CA00A5DB30 /* Release */ = {
			isa = XCBuildConfiguration;
			buildSettings = {
				ASSETCATALOG_COMPILER_APPICON_NAME = AppIcon;
				ASSETCATALOG_COMPILER_GLOBAL_ACCENT_COLOR_NAME = AccentColor;
				CODE_SIGN_STYLE = Automatic;
				CURRENT_PROJECT_VERSION = 1;
				DEVELOPMENT_ASSET_PATHS = "\"task/Preview Content\"";
				ENABLE_PREVIEWS = YES;
				GENERATE_INFOPLIST_FILE = YES;
				INFOPLIST_FILE = task/Info.plist;
				INFOPLIST_KEY_UIApplicationSceneManifest_Generation = YES;
				INFOPLIST_KEY_UIApplicationSupportsIndirectInputEvents = YES;
				INFOPLIST_KEY_UILaunchScreen_Generation = YES;
				INFOPLIST_KEY_UISupportedInterfaceOrientations_iPad = "UIInterfaceOrientationPortrait UIInterfaceOrientationPortraitUpsideDown UIInterfaceOrientationLandscapeLeft UIInterfaceOrientationLandscapeRight";
				INFOPLIST_KEY_UISupportedInterfaceOrientations_iPhone = "UIInterfaceOrientationPortrait UIInterfaceOrientationLandscapeLeft UIInterfaceOrientationLandscapeRight";
				LD_RUNPATH_SEARCH_PATHS = (
					"$(inherited)",
					"@executable_path/Frameworks",
				);
				MARKETING_VERSION = 1.0;
				PRODUCT_BUNDLE_IDENTIFIER = one.task;
				PRODUCT_NAME = "$(TARGET_NAME)";
				SWIFT_EMIT_LOC_STRINGS = YES;
				SWIFT_VERSION = 5.0;
				TARGETED_DEVICE_FAMILY = "1,2";
			};
			name = Release;
		};
/* End XCBuildConfiguration section */

/* Begin XCConfigurationList section */
		DBA645F429BF97C700A5DB30 /* Build configuration list for PBXProject "task" */ = {
			isa = XCConfigurationList;
			buildConfigurations = (
				DBA6460529BF97CA00A5DB30 /* Debug */,
				DBA6460629BF97CA00A5DB30 /* Release */,
			);
			defaultConfigurationIsVisible = 0;
			defaultConfigurationName = Release;
		};
		DBA6460729BF97CA00A5DB30 /* Build configuration list for PBXNativeTarget "task" */ = {
			isa = XCConfigurationList;
			buildConfigurations = (
				DBA6460829BF97CA00A5DB30 /* Debug */,
				DBA6460929BF97CA00A5DB30 /* Release */,
			);
			defaultConfigurationIsVisible = 0;
			defaultConfigurationName = Release;
		};
/* End XCConfigurationList section */

/* Begin XCVersionGroup section */
		DBA6460A29BF97FF00A5DB30 /* UserModel.xcdatamodeld */ = {
			isa = XCVersionGroup;
			children = (
				DBA6460B29BF97FF00A5DB30 /* UserModel.xcdatamodel */,
			);
			currentVersion = DBA6460B29BF97FF00A5DB30 /* UserModel.xcdatamodel */;
			path = UserModel.xcdatamodeld;
			sourceTree = "<group>";
			versionGroupType = wrapper.xcdatamodel;
		};
/* End XCVersionGroup section */
	};
	rootObject = DBA645F129BF97C700A5DB30 /* Project object */;
}
